<Solution>
  <Project Path="DemoTypePattern/DemoTypePattern.csproj" />
  <Project Path="DemoNullChecking/DemoNullChecking.csproj" />
  <Project Path="DemoVarPattern/DemoVarPattern.csproj" />
  <Project Path="DemoSwitchExpression/DemoSwitchExpression.csproj" />
  <Project Path="DemoRelationalPattern/DemoRelationalPattern.csproj" />
  <Project Path="DemoLogicalPattern/DemoLogicalPattern.csproj" />
  <Project Path="DemoPropertyPattern/DemoPropertyPattern.csproj" />
  <Project Path="DemoTuplePattern/DemoTuplePattern.csproj" />
  <Project Path="DemoListPattern/DemoListPattern.csproj" />
  <Project Path="DemoAirlinePricing/DemoAirlinePricing.csproj" />
</Solution>
