
Microsoft Visual Studio Solution File, Format Version 12.00
# Visual Studio Version 16
VisualStudioVersion = 16.0.31025.218
MinimumVisualStudioVersion = 10.0.40219.1
Project("{FAE04EC0-301F-11D3-BF4B-00C04F79EFBC}") = "Demo01_PublisherSubscriber", "Demo01_PublisherSubscriber\Demo01_PublisherSubscriber.csproj", "{DFC688AF-1E98-4A3F-9E62-5D41EFC25C63}"
EndProject
Project("{FAE04EC0-301F-11D3-BF4B-00C04F79EFBC}") = "Demo02_Event", "Demo02_Event\Demo02_Event.csproj", "{51B45915-B731-4369-88CF-CFF5A5F22100}"
EndProject
Project("{FAE04EC0-301F-11D3-BF4B-00C04F79EFBC}") = "Demo03_EventArgs", "Demo03_EventArgs\Demo03_EventArgs.csproj", "{70D5CC20-105F-4ADA-9600-1EEFB6409549}"
EndProject
Project("{FAE04EC0-301F-11D3-BF4B-00C04F79EFBC}") = "Demo04_EventHandler", "Demo04_EventHandler\Demo04_EventHandler.csproj", "{0DB8AD6B-9962-4A4B-A84F-72E63A3D4AD7}"
EndProject
Project("{FAE04EC0-301F-11D3-BF4B-00C04F79EFBC}") = "Demo05_EventAccessor", "Demo05_EventAccessor\Demo05_EventAccessor.csproj", "{3A1F2A66-75A8-43E7-90B6-4CF5DBD2EFE4}"
EndProject
Global
	GlobalSection(SolutionConfigurationPlatforms) = preSolution
		Debug|Any CPU = Debug|Any CPU
		Release|Any CPU = Release|Any CPU
	EndGlobalSection
	GlobalSection(ProjectConfigurationPlatforms) = postSolution
		{DFC688AF-1E98-4A3F-9E62-5D41EFC25C63}.Debug|Any CPU.ActiveCfg = Debug|Any CPU
		{DFC688AF-1E98-4A3F-9E62-5D41EFC25C63}.Debug|Any CPU.Build.0 = Debug|Any CPU
		{DFC688AF-1E98-4A3F-9E62-5D41EFC25C63}.Release|Any CPU.ActiveCfg = Release|Any CPU
		{DFC688AF-1E98-4A3F-9E62-5D41EFC25C63}.Release|Any CPU.Build.0 = Release|Any CPU
		{51B45915-B731-4369-88CF-CFF5A5F22100}.Debug|Any CPU.ActiveCfg = Debug|Any CPU
		{51B45915-B731-4369-88CF-CFF5A5F22100}.Debug|Any CPU.Build.0 = Debug|Any CPU
		{51B45915-B731-4369-88CF-CFF5A5F22100}.Release|Any CPU.ActiveCfg = Release|Any CPU
		{51B45915-B731-4369-88CF-CFF5A5F22100}.Release|Any CPU.Build.0 = Release|Any CPU
		{70D5CC20-105F-4ADA-9600-1EEFB6409549}.Debug|Any CPU.ActiveCfg = Debug|Any CPU
		{70D5CC20-105F-4ADA-9600-1EEFB6409549}.Debug|Any CPU.Build.0 = Debug|Any CPU
		{70D5CC20-105F-4ADA-9600-1EEFB6409549}.Release|Any CPU.ActiveCfg = Release|Any CPU
		{70D5CC20-105F-4ADA-9600-1EEFB6409549}.Release|Any CPU.Build.0 = Release|Any CPU
		{0DB8AD6B-9962-4A4B-A84F-72E63A3D4AD7}.Debug|Any CPU.ActiveCfg = Debug|Any CPU
		{0DB8AD6B-9962-4A4B-A84F-72E63A3D4AD7}.Debug|Any CPU.Build.0 = Debug|Any CPU
		{0DB8AD6B-9962-4A4B-A84F-72E63A3D4AD7}.Release|Any CPU.ActiveCfg = Release|Any CPU
		{0DB8AD6B-9962-4A4B-A84F-72E63A3D4AD7}.Release|Any CPU.Build.0 = Release|Any CPU
		{3A1F2A66-75A8-43E7-90B6-4CF5DBD2EFE4}.Debug|Any CPU.ActiveCfg = Debug|Any CPU
		{3A1F2A66-75A8-43E7-90B6-4CF5DBD2EFE4}.Debug|Any CPU.Build.0 = Debug|Any CPU
		{3A1F2A66-75A8-43E7-90B6-4CF5DBD2EFE4}.Release|Any CPU.ActiveCfg = Release|Any CPU
		{3A1F2A66-75A8-43E7-90B6-4CF5DBD2EFE4}.Release|Any CPU.Build.0 = Release|Any CPU
	EndGlobalSection
	GlobalSection(SolutionProperties) = preSolution
		HideSolutionNode = FALSE
	EndGlobalSection
	GlobalSection(ExtensibilityGlobals) = postSolution
		SolutionGuid = {668B8FFC-30E7-4B24-BB82-F343C7C83723}
	EndGlobalSection
EndGlobal
