
Microsoft Visual Studio Solution File, Format Version 12.00
# Visual Studio 14
VisualStudioVersion = 14.0.25420.1
MinimumVisualStudioVersion = 10.0.40219.1
Project("{FAE04EC0-301F-11D3-BF4B-00C04F79EFBC}") = "Demo_GenericMethods", "Demo_GenericMethods\Demo_GenericMethods.csproj", "{D53DCE97-10E8-4745-884A-203C07636E8F}"
EndProject
Global
	GlobalSection(SolutionConfigurationPlatforms) = preSolution
		Debug|Any CPU = Debug|Any CPU
		Release|Any CPU = Release|Any CPU
	EndGlobalSection
	GlobalSection(ProjectConfigurationPlatforms) = postSolution
		{D53DCE97-10E8-4745-884A-203C07636E8F}.Debug|Any CPU.ActiveCfg = Debug|Any CPU
		{D53DCE97-10E8-4745-884A-203C07636E8F}.Debug|Any CPU.Build.0 = Debug|Any CPU
		{D53DCE97-10E8-4745-884A-203C07636E8F}.Release|Any CPU.ActiveCfg = Release|Any CPU
		{D53DCE97-10E8-4745-884A-203C07636E8F}.Release|Any CPU.Build.0 = Release|Any CPU
	EndGlobalSection
	GlobalSection(SolutionProperties) = preSolution
		HideSolutionNode = FALSE
	EndGlobalSection
EndGlobal
