
Microsoft Visual Studio Solution File, Format Version 12.00
# Visual Studio 15
VisualStudioVersion = 15.0.27130.2027
MinimumVisualStudioVersion = 10.0.40219.1
Project("{9A19103F-16F7-4668-BE54-9A1E7A4F7556}") = "DemoExceptionAwait", "DemoExceptionAwait\DemoExceptionAwait.csproj", "{66499B29-A753-4503-B969-4A2E6E7E5B6F}"
EndProject
Project("{FAE04EC0-301F-11D3-BF4B-00C04F79EFBC}") = "DemoExceptionFilter", "DemoExceptionFilter\DemoExceptionFilter.csproj", "{EBF28AC0-033A-4ED8-9083-18E60C8BE757}"
EndProject
Global
	GlobalSection(SolutionConfigurationPlatforms) = preSolution
		Debug|Any CPU = Debug|Any CPU
		Release|Any CPU = Release|Any CPU
	EndGlobalSection
	GlobalSection(ProjectConfigurationPlatforms) = postSolution
		{66499B29-A753-4503-B969-4A2E6E7E5B6F}.Debug|Any CPU.ActiveCfg = Debug|Any CPU
		{66499B29-A753-4503-B969-4A2E6E7E5B6F}.Debug|Any CPU.Build.0 = Debug|Any CPU
		{66499B29-A753-4503-B969-4A2E6E7E5B6F}.Release|Any CPU.ActiveCfg = Release|Any CPU
		{66499B29-A753-4503-B969-4A2E6E7E5B6F}.Release|Any CPU.Build.0 = Release|Any CPU
		{EBF28AC0-033A-4ED8-9083-18E60C8BE757}.Debug|Any CPU.ActiveCfg = Debug|Any CPU
		{EBF28AC0-033A-4ED8-9083-18E60C8BE757}.Debug|Any CPU.Build.0 = Debug|Any CPU
		{EBF28AC0-033A-4ED8-9083-18E60C8BE757}.Release|Any CPU.ActiveCfg = Release|Any CPU
		{EBF28AC0-033A-4ED8-9083-18E60C8BE757}.Release|Any CPU.Build.0 = Release|Any CPU
	EndGlobalSection
	GlobalSection(SolutionProperties) = preSolution
		HideSolutionNode = FALSE
	EndGlobalSection
	GlobalSection(ExtensibilityGlobals) = postSolution
		SolutionGuid = {B8EC48BC-FC4E-4D3B-8B15-72690BBFB4E6}
	EndGlobalSection
EndGlobal
