
Microsoft Visual Studio Solution File, Format Version 12.00
# Visual Studio 2013
VisualStudioVersion = 12.0.31101.0
MinimumVisualStudioVersion = 10.0.40219.1
Project("{FAE04EC0-301F-11D3-BF4B-00C04F79EFBC}") = "Demo01_PublisherSubscriber", "Demo01_PublisherSubscriber\Demo01_PublisherSubscriber.csproj", "{FB3E9CCE-6E2A-41DB-AF87-467E3B19B4F7}"
EndProject
Project("{FAE04EC0-301F-11D3-BF4B-00C04F79EFBC}") = "Demo02_Event", "Demo02_Event\Demo02_Event.csproj", "{4F1618A7-08CE-4B23-814E-0AB168445BFB}"
EndProject
Project("{FAE04EC0-301F-11D3-BF4B-00C04F79EFBC}") = "Demo03_EventArgs", "Demo03_EventArgs\Demo03_EventArgs.csproj", "{D330517E-BC3C-4F80-8367-69F76F928A9C}"
EndProject
Project("{FAE04EC0-301F-11D3-BF4B-00C04F79EFBC}") = "Demo04_EventHandler", "Demo04_EventHandler\Demo04_EventHandler.csproj", "{EB9569B5-8D7D-4160-8491-C9DCFF7B947B}"
EndProject
Project("{FAE04EC0-301F-11D3-BF4B-00C04F79EFBC}") = "Demo05_EventAccessor", "Demo05_EventAccessor\Demo05_EventAccessor.csproj", "{CE6C95D9-CA9F-4B92-8968-8A4D48D7B74B}"
EndProject
Global
	GlobalSection(SolutionConfigurationPlatforms) = preSolution
		Debug|Any CPU = Debug|Any CPU
		Release|Any CPU = Release|Any CPU
	EndGlobalSection
	GlobalSection(ProjectConfigurationPlatforms) = postSolution
		{FB3E9CCE-6E2A-41DB-AF87-467E3B19B4F7}.Debug|Any CPU.ActiveCfg = Debug|Any CPU
		{FB3E9CCE-6E2A-41DB-AF87-467E3B19B4F7}.Debug|Any CPU.Build.0 = Debug|Any CPU
		{FB3E9CCE-6E2A-41DB-AF87-467E3B19B4F7}.Release|Any CPU.ActiveCfg = Release|Any CPU
		{FB3E9CCE-6E2A-41DB-AF87-467E3B19B4F7}.Release|Any CPU.Build.0 = Release|Any CPU
		{4F1618A7-08CE-4B23-814E-0AB168445BFB}.Debug|Any CPU.ActiveCfg = Debug|Any CPU
		{4F1618A7-08CE-4B23-814E-0AB168445BFB}.Debug|Any CPU.Build.0 = Debug|Any CPU
		{4F1618A7-08CE-4B23-814E-0AB168445BFB}.Release|Any CPU.ActiveCfg = Release|Any CPU
		{4F1618A7-08CE-4B23-814E-0AB168445BFB}.Release|Any CPU.Build.0 = Release|Any CPU
		{D330517E-BC3C-4F80-8367-69F76F928A9C}.Debug|Any CPU.ActiveCfg = Debug|Any CPU
		{D330517E-BC3C-4F80-8367-69F76F928A9C}.Debug|Any CPU.Build.0 = Debug|Any CPU
		{D330517E-BC3C-4F80-8367-69F76F928A9C}.Release|Any CPU.ActiveCfg = Release|Any CPU
		{D330517E-BC3C-4F80-8367-69F76F928A9C}.Release|Any CPU.Build.0 = Release|Any CPU
		{EB9569B5-8D7D-4160-8491-C9DCFF7B947B}.Debug|Any CPU.ActiveCfg = Debug|Any CPU
		{EB9569B5-8D7D-4160-8491-C9DCFF7B947B}.Debug|Any CPU.Build.0 = Debug|Any CPU
		{EB9569B5-8D7D-4160-8491-C9DCFF7B947B}.Release|Any CPU.ActiveCfg = Release|Any CPU
		{EB9569B5-8D7D-4160-8491-C9DCFF7B947B}.Release|Any CPU.Build.0 = Release|Any CPU
		{CE6C95D9-CA9F-4B92-8968-8A4D48D7B74B}.Debug|Any CPU.ActiveCfg = Debug|Any CPU
		{CE6C95D9-CA9F-4B92-8968-8A4D48D7B74B}.Debug|Any CPU.Build.0 = Debug|Any CPU
		{CE6C95D9-CA9F-4B92-8968-8A4D48D7B74B}.Release|Any CPU.ActiveCfg = Release|Any CPU
		{CE6C95D9-CA9F-4B92-8968-8A4D48D7B74B}.Release|Any CPU.Build.0 = Release|Any CPU
	EndGlobalSection
	GlobalSection(SolutionProperties) = preSolution
		HideSolutionNode = FALSE
	EndGlobalSection
EndGlobal
