
Microsoft Visual Studio Solution File, Format Version 12.00
# Visual Studio Version 16
VisualStudioVersion = 16.0.31025.218
MinimumVisualStudioVersion = 10.0.40219.1
Project("{FAE04EC0-301F-11D3-BF4B-00C04F79EFBC}") = "DemoExceptionAwait", "DemoExceptionAwait\DemoExceptionAwait.csproj", "{AB0C2F59-D104-4760-B2B8-24B3496513F3}"
EndProject
Project("{FAE04EC0-301F-11D3-BF4B-00C04F79EFBC}") = "DemoExceptionFilter", "DemoExceptionFilter\DemoExceptionFilter.csproj", "{320BA51F-90A8-4E11-B35C-E106AB523EEC}"
EndProject
Global
	GlobalSection(SolutionConfigurationPlatforms) = preSolution
		Debug|Any CPU = Debug|Any CPU
		Release|Any CPU = Release|Any CPU
	EndGlobalSection
	GlobalSection(ProjectConfigurationPlatforms) = postSolution
		{AB0C2F59-D104-4760-B2B8-24B3496513F3}.Debug|Any CPU.ActiveCfg = Debug|Any CPU
		{AB0C2F59-D104-4760-B2B8-24B3496513F3}.Debug|Any CPU.Build.0 = Debug|Any CPU
		{AB0C2F59-D104-4760-B2B8-24B3496513F3}.Release|Any CPU.ActiveCfg = Release|Any CPU
		{AB0C2F59-D104-4760-B2B8-24B3496513F3}.Release|Any CPU.Build.0 = Release|Any CPU
		{320BA51F-90A8-4E11-B35C-E106AB523EEC}.Debug|Any CPU.ActiveCfg = Debug|Any CPU
		{320BA51F-90A8-4E11-B35C-E106AB523EEC}.Debug|Any CPU.Build.0 = Debug|Any CPU
		{320BA51F-90A8-4E11-B35C-E106AB523EEC}.Release|Any CPU.ActiveCfg = Release|Any CPU
		{320BA51F-90A8-4E11-B35C-E106AB523EEC}.Release|Any CPU.Build.0 = Release|Any CPU
	EndGlobalSection
	GlobalSection(SolutionProperties) = preSolution
		HideSolutionNode = FALSE
	EndGlobalSection
	GlobalSection(ExtensibilityGlobals) = postSolution
		SolutionGuid = {B8EC48BC-FC4E-4D3B-8B15-72690BBFB4E6}
	EndGlobalSection
EndGlobal
