
Microsoft Visual Studio Solution File, Format Version 12.00
# Visual Studio 2013
VisualStudioVersion = 12.0.30723.0
MinimumVisualStudioVersion = 10.0.40219.1
Project("{FAE04EC0-301F-11D3-BF4B-00C04F79EFBC}") = "AnonymousTypeDemo", "AnonymousTypeDemo\AnonymousTypeDemo.csproj", "{B5DDBF3D-A672-4D97-8474-68042F98A360}"
EndProject
Project("{FAE04EC0-301F-11D3-BF4B-00C04F79EFBC}") = "ExtensionMethodDemo", "ExtensionMethodDemo\ExtensionMethodDemo.csproj", "{5737E225-964A-47C6-85FD-D0F7CB163341}"
EndProject
Project("{FAE04EC0-301F-11D3-BF4B-00C04F79EFBC}") = "NullableTypeDemo", "NullableTypeDemo\NullableTypeDemo.csproj", "{70E45688-30D8-4FA1-9507-79023DC2E073}"
EndProject
Global
	GlobalSection(SolutionConfigurationPlatforms) = preSolution
		Debug|Any CPU = Debug|Any CPU
		Release|Any CPU = Release|Any CPU
	EndGlobalSection
	GlobalSection(ProjectConfigurationPlatforms) = postSolution
		{B5DDBF3D-A672-4D97-8474-68042F98A360}.Debug|Any CPU.ActiveCfg = Debug|Any CPU
		{B5DDBF3D-A672-4D97-8474-68042F98A360}.Debug|Any CPU.Build.0 = Debug|Any CPU
		{B5DDBF3D-A672-4D97-8474-68042F98A360}.Release|Any CPU.ActiveCfg = Release|Any CPU
		{B5DDBF3D-A672-4D97-8474-68042F98A360}.Release|Any CPU.Build.0 = Release|Any CPU
		{5737E225-964A-47C6-85FD-D0F7CB163341}.Debug|Any CPU.ActiveCfg = Debug|Any CPU
		{5737E225-964A-47C6-85FD-D0F7CB163341}.Debug|Any CPU.Build.0 = Debug|Any CPU
		{5737E225-964A-47C6-85FD-D0F7CB163341}.Release|Any CPU.ActiveCfg = Release|Any CPU
		{5737E225-964A-47C6-85FD-D0F7CB163341}.Release|Any CPU.Build.0 = Release|Any CPU
		{70E45688-30D8-4FA1-9507-79023DC2E073}.Debug|Any CPU.ActiveCfg = Debug|Any CPU
		{70E45688-30D8-4FA1-9507-79023DC2E073}.Debug|Any CPU.Build.0 = Debug|Any CPU
		{70E45688-30D8-4FA1-9507-79023DC2E073}.Release|Any CPU.ActiveCfg = Release|Any CPU
		{70E45688-30D8-4FA1-9507-79023DC2E073}.Release|Any CPU.Build.0 = Release|Any CPU
	EndGlobalSection
	GlobalSection(SolutionProperties) = preSolution
		HideSolutionNode = FALSE
	EndGlobalSection
EndGlobal
