<Solution>
  <Project Path="DemoWhyGenerics/DemoWhyGenerics.csproj" />
  <Project Path="DemoGenericClass/DemoGenericClass.csproj" />
  <Project Path="DemoConstraints/DemoConstraints.csproj" />
  <Project Path="DemoGenericInterfaces/DemoGenericInterfaces.csproj" />
  <Project Path="DemoCovariance/DemoCovariance.csproj" />
</Solution>
